
Microsoft Visual Studio Solution File, Format Version 12.00
# Visual Studio Version 16
VisualStudioVersion = 16.0.32126.315
MinimumVisualStudioVersion = 10.0.40219.1
Project("{FAE04EC0-301F-11D3-BF4B-00C04F79EFBC}") = "Print Code To PDF", "Print Code To PDF\Print Code To PDF.csproj", "{5E7829B6-B23D-4E70-B68A-EFE2F15AD4CA}"
EndProject
Global
	GlobalSection(SolutionConfigurationPlatforms) = preSolution
		Debug|Any CPU = Debug|Any CPU
		Release|Any CPU = Release|Any CPU
	EndGlobalSection
	GlobalSection(ProjectConfigurationPlatforms) = postSolution
		{5E7829B6-B23D-4E70-B68A-EFE2F15AD4CA}.Debug|Any CPU.ActiveCfg = Debug|Any CPU
		{5E7829B6-B23D-4E70-B68A-EFE2F15AD4CA}.Debug|Any CPU.Build.0 = Debug|Any CPU
		{5E7829B6-B23D-4E70-B68A-EFE2F15AD4CA}.Release|Any CPU.ActiveCfg = Release|Any CPU
		{5E7829B6-B23D-4E70-B68A-EFE2F15AD4CA}.Release|Any CPU.Build.0 = Release|Any CPU
	EndGlobalSection
	GlobalSection(SolutionProperties) = preSolution
		HideSolutionNode = FALSE
	EndGlobalSection
	GlobalSection(ExtensibilityGlobals) = postSolution
		SolutionGuid = {AEE2F43B-4DC8-4DB3-BACA-4939AE5A3858}
	EndGlobalSection
EndGlobal
